
Microsoft Visual Studio Solution File, Format Version 12.00
# Visual Studio 15
VisualStudioVersion = 15.0.27428.2011
MinimumVisualStudioVersion = 10.0.40219.1
Project("{9A19103F-16F7-4668-BE54-9A1E7A4F7556}") = "ColorfulTrip", "ColorfulTrip\ColorfulTrip.csproj", "{8075467D-2D35-4A1C-91D6-FA1E8F3078EC}"
EndProject
Project("{FAE04EC0-301F-11D3-BF4B-00C04F79EFBC}") = "CT.DB", "CT.DB\CT.DB.csproj", "{130968A0-0FCB-40BF-A343-D48F26B030C9}"
EndProject
Project("{FAE04EC0-301F-11D3-BF4B-00C04F79EFBC}") = "CT.Services", "CT.Services\CT.Services.csproj", "{791B68F6-7F0A-4737-8894-5831DE12D06A}"
EndProject
Global
	GlobalSection(SolutionConfigurationPlatforms) = preSolution
		Debug|Any CPU = Debug|Any CPU
		Release|Any CPU = Release|Any CPU
	EndGlobalSection
	GlobalSection(ProjectConfigurationPlatforms) = postSolution
		{8075467D-2D35-4A1C-91D6-FA1E8F3078EC}.Debug|Any CPU.ActiveCfg = Debug|Any CPU
		{8075467D-2D35-4A1C-91D6-FA1E8F3078EC}.Debug|Any CPU.Build.0 = Debug|Any CPU
		{8075467D-2D35-4A1C-91D6-FA1E8F3078EC}.Release|Any CPU.ActiveCfg = Release|Any CPU
		{8075467D-2D35-4A1C-91D6-FA1E8F3078EC}.Release|Any CPU.Build.0 = Release|Any CPU
		{130968A0-0FCB-40BF-A343-D48F26B030C9}.Debug|Any CPU.ActiveCfg = Debug|Any CPU
		{130968A0-0FCB-40BF-A343-D48F26B030C9}.Debug|Any CPU.Build.0 = Debug|Any CPU
		{130968A0-0FCB-40BF-A343-D48F26B030C9}.Release|Any CPU.ActiveCfg = Release|Any CPU
		{130968A0-0FCB-40BF-A343-D48F26B030C9}.Release|Any CPU.Build.0 = Release|Any CPU
		{791B68F6-7F0A-4737-8894-5831DE12D06A}.Debug|Any CPU.ActiveCfg = Debug|Any CPU
		{791B68F6-7F0A-4737-8894-5831DE12D06A}.Debug|Any CPU.Build.0 = Debug|Any CPU
		{791B68F6-7F0A-4737-8894-5831DE12D06A}.Release|Any CPU.ActiveCfg = Release|Any CPU
		{791B68F6-7F0A-4737-8894-5831DE12D06A}.Release|Any CPU.Build.0 = Release|Any CPU
	EndGlobalSection
	GlobalSection(SolutionProperties) = preSolution
		HideSolutionNode = FALSE
	EndGlobalSection
	GlobalSection(ExtensibilityGlobals) = postSolution
		SolutionGuid = {81D87A66-CD19-4988-8584-B06592C97D42}
	EndGlobalSection
EndGlobal
